
Microsoft Visual Studio Solution File, Format Version 12.00
# Visual Studio Version 17
VisualStudioVersion = 17.0.31919.166
MinimumVisualStudioVersion = 10.0.40219.1
Project("{FAE04EC0-301F-11D3-BF4B-00C04F79EFBC}") = "MathUtils", "MathUtils\MathUtils.csproj", "{0C5589DF-3817-4980-8B57-B08A2153A8B9}"
EndProject
Project("{FAE04EC0-301F-11D3-BF4B-00C04F79EFBC}") = "Tests", "Tests\Tests.csproj", "{5C4E8FC9-3C29-456D-91A6-6B42B0CC6013}"
EndProject
Project("{FAE04EC0-301F-11D3-BF4B-00C04F79EFBC}") = "ChallengeWinSystem", "ChallengeWinSystem\ChallengeWinSystem.csproj", "{03A52D9B-2298-4DE3-8671-DE49C059F853}"
EndProject
Global
	GlobalSection(SolutionConfigurationPlatforms) = preSolution
		Debug|Any CPU = Debug|Any CPU
		Release|Any CPU = Release|Any CPU
	EndGlobalSection
	GlobalSection(ProjectConfigurationPlatforms) = postSolution
		{0C5589DF-3817-4980-8B57-B08A2153A8B9}.Debug|Any CPU.ActiveCfg = Debug|Any CPU
		{0C5589DF-3817-4980-8B57-B08A2153A8B9}.Debug|Any CPU.Build.0 = Debug|Any CPU
		{0C5589DF-3817-4980-8B57-B08A2153A8B9}.Release|Any CPU.ActiveCfg = Release|Any CPU
		{0C5589DF-3817-4980-8B57-B08A2153A8B9}.Release|Any CPU.Build.0 = Release|Any CPU
		{5C4E8FC9-3C29-456D-91A6-6B42B0CC6013}.Debug|Any CPU.ActiveCfg = Debug|Any CPU
		{5C4E8FC9-3C29-456D-91A6-6B42B0CC6013}.Debug|Any CPU.Build.0 = Debug|Any CPU
		{5C4E8FC9-3C29-456D-91A6-6B42B0CC6013}.Release|Any CPU.ActiveCfg = Release|Any CPU
		{5C4E8FC9-3C29-456D-91A6-6B42B0CC6013}.Release|Any CPU.Build.0 = Release|Any CPU
		{03A52D9B-2298-4DE3-8671-DE49C059F853}.Debug|Any CPU.ActiveCfg = Debug|Any CPU
		{03A52D9B-2298-4DE3-8671-DE49C059F853}.Debug|Any CPU.Build.0 = Debug|Any CPU
		{03A52D9B-2298-4DE3-8671-DE49C059F853}.Release|Any CPU.ActiveCfg = Release|Any CPU
		{03A52D9B-2298-4DE3-8671-DE49C059F853}.Release|Any CPU.Build.0 = Release|Any CPU
	EndGlobalSection
	GlobalSection(SolutionProperties) = preSolution
		HideSolutionNode = FALSE
	EndGlobalSection
	GlobalSection(ExtensibilityGlobals) = postSolution
		SolutionGuid = {B2F36343-193D-415D-8953-014863C35A51}
	EndGlobalSection
EndGlobal
